
Microsoft Visual Studio Solution File, Format Version 12.00
# Visual Studio Version 17
VisualStudioVersion = 17.12.35504.99 d17.12
MinimumVisualStudioVersion = 10.0.40219.1
Project("{FAE04EC0-301F-11D3-BF4B-00C04F79EFBC}") = "BlazorApp2", "BlazorApp2\BlazorApp2\BlazorApp2.csproj", "{BDE72B83-69DB-4351-ADD5-2391CEB7DCBA}"
EndProject
Project("{FAE04EC0-301F-11D3-BF4B-00C04F79EFBC}") = "BlazorApp2.Client", "BlazorApp2\BlazorApp2.Client\BlazorApp2.Client.csproj", "{9C109207-A5B7-4283-B55A-40ABF84B3825}"
EndProject
Global
	GlobalSection(SolutionConfigurationPlatforms) = preSolution
		Debug|Any CPU = Debug|Any CPU
		Release|Any CPU = Release|Any CPU
	EndGlobalSection
	GlobalSection(ProjectConfigurationPlatforms) = postSolution
		{BDE72B83-69DB-4351-ADD5-2391CEB7DCBA}.Debug|Any CPU.ActiveCfg = Debug|Any CPU
		{BDE72B83-69DB-4351-ADD5-2391CEB7DCBA}.Debug|Any CPU.Build.0 = Debug|Any CPU
		{BDE72B83-69DB-4351-ADD5-2391CEB7DCBA}.Release|Any CPU.ActiveCfg = Release|Any CPU
		{BDE72B83-69DB-4351-ADD5-2391CEB7DCBA}.Release|Any CPU.Build.0 = Release|Any CPU
		{9C109207-A5B7-4283-B55A-40ABF84B3825}.Debug|Any CPU.ActiveCfg = Debug|Any CPU
		{9C109207-A5B7-4283-B55A-40ABF84B3825}.Debug|Any CPU.Build.0 = Debug|Any CPU
		{9C109207-A5B7-4283-B55A-40ABF84B3825}.Release|Any CPU.ActiveCfg = Release|Any CPU
		{9C109207-A5B7-4283-B55A-40ABF84B3825}.Release|Any CPU.Build.0 = Release|Any CPU
	EndGlobalSection
	GlobalSection(SolutionProperties) = preSolution
		HideSolutionNode = FALSE
	EndGlobalSection
EndGlobal
